// !$*UTF8*$!
{
	archiveVersion = 1;
	classes = {
	};
	objectVersion = 56;
	objects = {

/* Begin PBXBuildFile section */
		AB076A142A9FDB980073A4DB /* processingwheelApp.swift in Sources */ = {isa = PBXBuildFile; fileRef = AB076A132A9FDB980073A4DB /* processingwheelApp.swift */; };
		AB076A162A9FDB980073A4DB /* ContentView.swift in Sources */ = {isa = PBXBuildFile; fileRef = AB076A152A9FDB980073A4DB /* ContentView.swift */; };
		AB076A182A9FDB990073A4DB /* Assets.xcassets in Resources */ = {isa = PBXBuildFile; fileRef = AB076A172A9FDB990073A4DB /* Assets.xcassets */; };
		AB076A1B2A9FDB990073A4DB /* Preview Assets.xcassets in Resources */ = {isa = PBXBuildFile; fileRef = AB076A1A2A9FDB990073A4DB /* Preview Assets.xcassets */; };
		AB076A222A9FDBB10073A4DB /* SticksPicker.swift in Sources */ = {isa = PBXBuildFile; fileRef = AB076A212A9FDBB10073A4DB /* SticksPicker.swift */; };
		AB076A242A9FDBDC0073A4DB /* AdaptivePagingScrollView.swift in Sources */ = {isa = PBXBuildFile; fileRef = AB076A232A9FDBDC0073A4DB /* AdaptivePagingScrollView.swift */; };
		AB076A262A9FDC060073A4DB /* View.swift in Sources */ = {isa = PBXBuildFile; fileRef = AB076A252A9FDC060073A4DB /* View.swift */; };
/* End PBXBuildFile section */

/* Begin PBXFileReference section */
		AB076A102A9FDB980073A4DB /* processingwheel.app */ = {isa = PBXFileReference; explicitFileType = wrapper.application; includeInIndex = 0; path = processingwheel.app; sourceTree = BUILT_PRODUCTS_DIR; };
		AB076A132A9FDB980073A4DB /* processingwheelApp.swift */ = {isa = PBXFileReference; lastKnownFileType = sourcecode.swift; path = processingwheelApp.swift; sourceTree = "<group>"; };
		AB076A152A9FDB980073A4DB /* ContentView.swift */ = {isa = PBXFileReference; lastKnownFileType = sourcecode.swift; path = ContentView.swift; sourceTree = "<group>"; };
		AB076A172A9FDB990073A4DB /* Assets.xcassets */ = {isa = PBXFileReference; lastKnownFileType = folder.assetcatalog; path = Assets.xcassets; sourceTree = "<group>"; };
		AB076A1A2A9FDB990073A4DB /* Preview Assets.xcassets */ = {isa = PBXFileReference; lastKnownFileType = folder.assetcatalog; path = "Preview Assets.xcassets"; sourceTree = "<group>"; };
		AB076A212A9FDBB10073A4DB /* SticksPicker.swift */ = {isa = PBXFileReference; lastKnownFileType = sourcecode.swift; path = SticksPicker.swift; sourceTree = "<group>"; };
		AB076A232A9FDBDC0073A4DB /* AdaptivePagingScrollView.swift */ = {isa = PBXFileReference; fileEncoding = 4; lastKnownFileType = sourcecode.swift; path = AdaptivePagingScrollView.swift; sourceTree = "<group>"; };
		AB076A252A9FDC060073A4DB /* View.swift */ = {isa = PBXFileReference; lastKnownFileType = sourcecode.swift; path = View.swift; sourceTree = "<group>"; };
/* End PBXFileReference section */

/* Begin PBXFrameworksBuildPhase section */
		AB076A0D2A9FDB980073A4DB /* Frameworks */ = {
			isa = PBXFrameworksBuildPhase;
			buildActionMask = 2147483647;
			files = (
			);
			runOnlyForDeploymentPostprocessing = 0;
		};
/* End PBXFrameworksBuildPhase section */

/* Begin PBXGroup section */
		AB076A072A9FDB980073A4DB = {
			isa = PBXGroup;
			children = (
				AB076A122A9FDB980073A4DB /* processingwheel */,
				AB076A112A9FDB980073A4DB /* Products */,
			);
			sourceTree = "<group>";
		};
		AB076A112A9FDB980073A4DB /* Products */ = {
			isa = PBXGroup;
			children = (
				AB076A102A9FDB980073A4DB /* processingwheel.app */,
			);
			name = Products;
			sourceTree = "<group>";
		};
		AB076A122A9FDB980073A4DB /* processingwheel */ = {
			isa = PBXGroup;
			children = (
				AB076A132A9FDB980073A4DB /* processingwheelApp.swift */,
				AB076A152A9FDB980073A4DB /* ContentView.swift */,
				AB076A212A9FDBB10073A4DB /* SticksPicker.swift */,
				AB076A232A9FDBDC0073A4DB /* AdaptivePagingScrollView.swift */,
				AB076A272A9FDC0A0073A4DB /* Extensions */,
				AB076A172A9FDB990073A4DB /* Assets.xcassets */,
				AB076A192A9FDB990073A4DB /* Preview Content */,
			);
			path = processingwheel;
			sourceTree = "<group>";
		};
		AB076A192A9FDB990073A4DB /* Preview Content */ = {
			isa = PBXGroup;
			children = (
				AB076A1A2A9FDB990073A4DB /* Preview Assets.xcassets */,
			);
			path = "Preview Content";
			sourceTree = "<group>";
		};
		AB076A272A9FDC0A0073A4DB /* Extensions */ = {
			isa = PBXGroup;
			children = (
				AB076A252A9FDC060073A4DB /* View.swift */,
			);
			path = Extensions;
			sourceTree = "<group>";
		};
/* End PBXGroup section */

/* Begin PBXNativeTarget section */
		AB076A0F2A9FDB980073A4DB /* processingwheel */ = {
			isa = PBXNativeTarget;
			buildConfigurationList = AB076A1E2A9FDB990073A4DB /* Build configuration list for PBXNativeTarget "processingwheel" */;
			buildPhases = (
				AB076A0C2A9FDB980073A4DB /* Sources */,
				AB076A0D2A9FDB980073A4DB /* Frameworks */,
				AB076A0E2A9FDB980073A4DB /* Resources */,
			);
			buildRules = (
			);
			dependencies = (
			);
			name = processingwheel;
			productName = processingwheel;
			productReference = AB076A102A9FDB980073A4DB /* processingwheel.app */;
			productType = "com.apple.product-type.application";
		};
/* End PBXNativeTarget section */

/* Begin PBXProject section */
		AB076A082A9FDB980073A4DB /* Project object */ = {
			isa = PBXProject;
			attributes = {
				BuildIndependentTargetsInParallel = 1;
				LastSwiftUpdateCheck = 1430;
				LastUpgradeCheck = 1430;
				TargetAttributes = {
					AB076A0F2A9FDB980073A4DB = {
						CreatedOnToolsVersion = 14.3.1;
					};
				};
			};
			buildConfigurationList = AB076A0B2A9FDB980073A4DB /* Build configuration list for PBXProject "processingwheel" */;
			compatibilityVersion = "Xcode 14.0";
			developmentRegion = en;
			hasScannedForEncodings = 0;
			knownRegions = (
				en,
				Base,
			);
			mainGroup = AB076A072A9FDB980073A4DB;
			productRefGroup = AB076A112A9FDB980073A4DB /* Products */;
			projectDirPath = "";
			projectRoot = "";
			targets = (
				AB076A0F2A9FDB980073A4DB /* processingwheel */,
			);
		};
/* End PBXProject section */

/* Begin PBXResourcesBuildPhase section */
		AB076A0E2A9FDB980073A4DB /* Resources */ = {
			isa = PBXResourcesBuildPhase;
			buildActionMask = 2147483647;
			files = (
				AB076A1B2A9FDB990073A4DB /* Preview Assets.xcassets in Resources */,
				AB076A182A9FDB990073A4DB /* Assets.xcassets in Resources */,
			);
			runOnlyForDeploymentPostprocessing = 0;
		};
/* End PBXResourcesBuildPhase section */

/* Begin PBXSourcesBuildPhase section */
		AB076A0C2A9FDB980073A4DB /* Sources */ = {
			isa = PBXSourcesBuildPhase;
			buildActionMask = 2147483647;
			files = (
				AB076A162A9FDB980073A4DB /* ContentView.swift in Sources */,
				AB076A142A9FDB980073A4DB /* processingwheelApp.swift in Sources */,
				AB076A262A9FDC060073A4DB /* View.swift in Sources */,
				AB076A222A9FDBB10073A4DB /* SticksPicker.swift in Sources */,
				AB076A242A9FDBDC0073A4DB /* AdaptivePagingScrollView.swift in Sources */,
			);
			runOnlyForDeploymentPostprocessing = 0;
		};
/* End PBXSourcesBuildPhase section */

/* Begin XCBuildConfiguration section */
		AB076A1C2A9FDB990073A4DB /* Debug */ = {
			isa = XCBuildConfiguration;
			buildSettings = {
				ALWAYS_SEARCH_USER_PATHS = NO;
				CLANG_ANALYZER_NONNULL = YES;
				CLANG_ANALYZER_NUMBER_OBJECT_CONVERSION = YES_AGGRESSIVE;
				CLANG_CXX_LANGUAGE_STANDARD = "gnu++20";
				CLANG_ENABLE_MODULES = YES;
				CLANG_ENABLE_OBJC_ARC = YES;
				CLANG_ENABLE_OBJC_WEAK = YES;
				CLANG_WARN_BLOCK_CAPTURE_AUTORELEASING = YES;
				CLANG_WARN_BOOL_CONVERSION = YES;
				CLANG_WARN_COMMA = YES;
				CLANG_WARN_CONSTANT_CONVERSION = YES;
				CLANG_WARN_DEPRECATED_OBJC_IMPLEMENTATIONS = YES;
				CLANG_WARN_DIRECT_OBJC_ISA_USAGE = YES_ERROR;
				CLANG_WARN_DOCUMENTATION_COMMENTS = YES;
				CLANG_WARN_EMPTY_BODY = YES;
				CLANG_WARN_ENUM_CONVERSION = YES;
				CLANG_WARN_INFINITE_RECURSION = YES;
				CLANG_WARN_INT_CONVERSION = YES;
				CLANG_WARN_NON_LITERAL_NULL_CONVERSION = YES;
				CLANG_WARN_OBJC_IMPLICIT_RETAIN_SELF = YES;
				CLANG_WARN_OBJC_LITERAL_CONVERSION = YES;
				CLANG_WARN_OBJC_ROOT_CLASS = YES_ERROR;
				CLANG_WARN_QUOTED_INCLUDE_IN_FRAMEWORK_HEADER = YES;
				CLANG_WARN_RANGE_LOOP_ANALYSIS = YES;
				CLANG_WARN_STRICT_PROTOTYPES = YES;
				CLANG_WARN_SUSPICIOUS_MOVE = YES;
				CLANG_WARN_UNGUARDED_AVAILABILITY = YES_AGGRESSIVE;
				CLANG_WARN_UNREACHABLE_CODE = YES;
				CLANG_WARN__DUPLICATE_METHOD_MATCH = YES;
				COPY_PHASE_STRIP = NO;
				DEBUG_INFORMATION_FORMAT = dwarf;
				ENABLE_STRICT_OBJC_MSGSEND = YES;
				ENABLE_TESTABILITY = YES;
				GCC_C_LANGUAGE_STANDARD = gnu11;
				GCC_DYNAMIC_NO_PIC = NO;
				GCC_NO_COMMON_BLOCKS = YES;
				GCC_OPTIMIZATION_LEVEL = 0;
				GCC_PREPROCESSOR_DEFINITIONS = (
					"DEBUG=1",
					"$(inherited)",
				);
				GCC_WARN_64_TO_32_BIT_CONVERSION = YES;
				GCC_WARN_ABOUT_RETURN_TYPE = YES_ERROR;
				GCC_WARN_UNDECLARED_SELECTOR = YES;
				GCC_WARN_UNINITIALIZED_AUTOS = YES_AGGRESSIVE;
				GCC_WARN_UNUSED_FUNCTION = YES;
				GCC_WARN_UNUSED_VARIABLE = YES;
				IPHONEOS_DEPLOYMENT_TARGET = 16.4;
				MTL_ENABLE_DEBUG_INFO = INCLUDE_SOURCE;
				MTL_FAST_MATH = YES;
				ONLY_ACTIVE_ARCH = YES;
				SDKROOT = iphoneos;
				SWIFT_ACTIVE_COMPILATION_CONDITIONS = DEBUG;
				SWIFT_OPTIMIZATION_LEVEL = "-Onone";
			};
			name = Debug;
		};
		AB076A1D2A9FDB990073A4DB /* Release */ = {
			isa = XCBuildConfiguration;
			buildSettings = {
				ALWAYS_SEARCH_USER_PATHS = NO;
				CLANG_ANALYZER_NONNULL = YES;
				CLANG_ANALYZER_NUMBER_OBJECT_CONVERSION = YES_AGGRESSIVE;
				CLANG_CXX_LANGUAGE_STANDARD = "gnu++20";
				CLANG_ENABLE_MODULES = YES;
				CLANG_ENABLE_OBJC_ARC = YES;
				CLANG_ENABLE_OBJC_WEAK = YES;
				CLANG_WARN_BLOCK_CAPTURE_AUTORELEASING = YES;
				CLANG_WARN_BOOL_CONVERSION = YES;
				CLANG_WARN_COMMA = YES;
				CLANG_WARN_CONSTANT_CONVERSION = YES;
				CLANG_WARN_DEPRECATED_OBJC_IMPLEMENTATIONS = YES;
				CLANG_WARN_DIRECT_OBJC_ISA_USAGE = YES_ERROR;
				CLANG_WARN_DOCUMENTATION_COMMENTS = YES;
				CLANG_WARN_EMPTY_BODY = YES;
				CLANG_WARN_ENUM_CONVERSION = YES;
				CLANG_WARN_INFINITE_RECURSION = YES;
				CLANG_WARN_INT_CONVERSION = YES;
				CLANG_WARN_NON_LITERAL_NULL_CONVERSION = YES;
				CLANG_WARN_OBJC_IMPLICIT_RETAIN_SELF = YES;
				CLANG_WARN_OBJC_LITERAL_CONVERSION = YES;
				CLANG_WARN_OBJC_ROOT_CLASS = YES_ERROR;
				CLANG_WARN_QUOTED_INCLUDE_IN_FRAMEWORK_HEADER = YES;
				CLANG_WARN_RANGE_LOOP_ANALYSIS = YES;
				CLANG_WARN_STRICT_PROTOTYPES = YES;
				CLANG_WARN_SUSPICIOUS_MOVE = YES;
				CLANG_WARN_UNGUARDED_AVAILABILITY = YES_AGGRESSIVE;
				CLANG_WARN_UNREACHABLE_CODE = YES;
				CLANG_WARN__DUPLICATE_METHOD_MATCH = YES;
				COPY_PHASE_STRIP = NO;
				DEBUG_INFORMATION_FORMAT = "dwarf-with-dsym";
				ENABLE_NS_ASSERTIONS = NO;
				ENABLE_STRICT_OBJC_MSGSEND = YES;
				GCC_C_LANGUAGE_STANDARD = gnu11;
				GCC_NO_COMMON_BLOCKS = YES;
				GCC_WARN_64_TO_32_BIT_CONVERSION = YES;
				GCC_WARN_ABOUT_RETURN_TYPE = YES_ERROR;
				GCC_WARN_UNDECLARED_SELECTOR = YES;
				GCC_WARN_UNINITIALIZED_AUTOS = YES_AGGRESSIVE;
				GCC_WARN_UNUSED_FUNCTION = YES;
				GCC_WARN_UNUSED_VARIABLE = YES;
				IPHONEOS_DEPLOYMENT_TARGET = 16.4;
				MTL_ENABLE_DEBUG_INFO = NO;
				MTL_FAST_MATH = YES;
				SDKROOT = iphoneos;
				SWIFT_COMPILATION_MODE = wholemodule;
				SWIFT_OPTIMIZATION_LEVEL = "-O";
				VALIDATE_PRODUCT = YES;
			};
			name = Release;
		};
		AB076A1F2A9FDB990073A4DB /* Debug */ = {
			isa = XCBuildConfiguration;
			buildSettings = {
				ASSETCATALOG_COMPILER_APPICON_NAME = AppIcon;
				ASSETCATALOG_COMPILER_GLOBAL_ACCENT_COLOR_NAME = AccentColor;
				CODE_SIGN_STYLE = Automatic;
				CURRENT_PROJECT_VERSION = 1;
				DEVELOPMENT_ASSET_PATHS = "\"processingwheel/Preview Content\"";
				ENABLE_PREVIEWS = YES;
				GENERATE_INFOPLIST_FILE = YES;
				INFOPLIST_KEY_UIApplicationSceneManifest_Generation = YES;
				INFOPLIST_KEY_UIApplicationSupportsIndirectInputEvents = YES;
				INFOPLIST_KEY_UILaunchScreen_Generation = YES;
				INFOPLIST_KEY_UISupportedInterfaceOrientations_iPad = "UIInterfaceOrientationPortrait UIInterfaceOrientationPortraitUpsideDown UIInterfaceOrientationLandscapeLeft UIInterfaceOrientationLandscapeRight";
				INFOPLIST_KEY_UISupportedInterfaceOrientations_iPhone = "UIInterfaceOrientationPortrait UIInterfaceOrientationLandscapeLeft UIInterfaceOrientationLandscapeRight";
				LD_RUNPATH_SEARCH_PATHS = (
					"$(inherited)",
					"@executable_path/Frameworks",
				);
				MARKETING_VERSION = 1.0;
				PRODUCT_BUNDLE_IDENTIFIER = com.processingwheel;
				PRODUCT_NAME = "$(TARGET_NAME)";
				SWIFT_EMIT_LOC_STRINGS = YES;
				SWIFT_VERSION = 5.0;
				TARGETED_DEVICE_FAMILY = "1,2";
			};
			name = Debug;
		};
		AB076A202A9FDB990073A4DB /* Release */ = {
			isa = XCBuildConfiguration;
			buildSettings = {
				ASSETCATALOG_COMPILER_APPICON_NAME = AppIcon;
				ASSETCATALOG_COMPILER_GLOBAL_ACCENT_COLOR_NAME = AccentColor;
				CODE_SIGN_STYLE = Automatic;
				CURRENT_PROJECT_VERSION = 1;
				DEVELOPMENT_ASSET_PATHS = "\"processingwheel/Preview Content\"";
				ENABLE_PREVIEWS = YES;
				GENERATE_INFOPLIST_FILE = YES;
				INFOPLIST_KEY_UIApplicationSceneManifest_Generation = YES;
				INFOPLIST_KEY_UIApplicationSupportsIndirectInputEvents = YES;
				INFOPLIST_KEY_UILaunchScreen_Generation = YES;
				INFOPLIST_KEY_UISupportedInterfaceOrientations_iPad = "UIInterfaceOrientationPortrait UIInterfaceOrientationPortraitUpsideDown UIInterfaceOrientationLandscapeLeft UIInterfaceOrientationLandscapeRight";
				INFOPLIST_KEY_UISupportedInterfaceOrientations_iPhone = "UIInterfaceOrientationPortrait UIInterfaceOrientationLandscapeLeft UIInterfaceOrientationLandscapeRight";
				LD_RUNPATH_SEARCH_PATHS = (
					"$(inherited)",
					"@executable_path/Frameworks",
				);
				MARKETING_VERSION = 1.0;
				PRODUCT_BUNDLE_IDENTIFIER = com.processingwheel;
				PRODUCT_NAME = "$(TARGET_NAME)";
				SWIFT_EMIT_LOC_STRINGS = YES;
				SWIFT_VERSION = 5.0;
				TARGETED_DEVICE_FAMILY = "1,2";
			};
			name = Release;
		};
/* End XCBuildConfiguration section */

/* Begin XCConfigurationList section */
		AB076A0B2A9FDB980073A4DB /* Build configuration list for PBXProject "processingwheel" */ = {
			isa = XCConfigurationList;
			buildConfigurations = (
				AB076A1C2A9FDB990073A4DB /* Debug */,
				AB076A1D2A9FDB990073A4DB /* Release */,
			);
			defaultConfigurationIsVisible = 0;
			defaultConfigurationName = Release;
		};
		AB076A1E2A9FDB990073A4DB /* Build configuration list for PBXNativeTarget "processingwheel" */ = {
			isa = XCConfigurationList;
			buildConfigurations = (
				AB076A1F2A9FDB990073A4DB /* Debug */,
				AB076A202A9FDB990073A4DB /* Release */,
			);
			defaultConfigurationIsVisible = 0;
			defaultConfigurationName = Release;
		};
/* End XCConfigurationList section */
	};
	rootObject = AB076A082A9FDB980073A4DB /* Project object */;
}
